// !$*UTF8*$!
{
	archiveVersion = 1;
	classes = {
	};
	objectVersion = 46;
	objects = {

/* Begin PBXBuildFile section */
		E4D658EE1F00DA2800D80B39 /* AORangeSlider.swift in Sources */ = {isa = PBXBuildFile; fileRef = E4D658E51F00DA2800D80B39 /* AORangeSlider.swift */; };
		E4D658EF1F00DA2800D80B39 /* AppDelegate.swift in Sources */ = {isa = PBXBuildFile; fileRef = E4D658E61F00DA2800D80B39 /* AppDelegate.swift */; };
		E4D658F01F00DA2800D80B39 /* Assets.xcassets in Resources */ = {isa = PBXBuildFile; fileRef = E4D658E71F00DA2800D80B39 /* Assets.xcassets */; };
		E4D658F11F00DA2800D80B39 /* LaunchScreen.storyboard in Resources */ = {isa = PBXBuildFile; fileRef = E4D658E81F00DA2800D80B39 /* LaunchScreen.storyboard */; };
		E4D658F21F00DA2800D80B39 /* Main.storyboard in Resources */ = {isa = PBXBuildFile; fileRef = E4D658EA1F00DA2800D80B39 /* Main.storyboard */; };
		E4D658F41F00DA2800D80B39 /* ViewController.swift in Sources */ = {isa = PBXBuildFile; fileRef = E4D658ED1F00DA2800D80B39 /* ViewController.swift */; };
/* End PBXBuildFile section */

/* Begin PBXFileReference section */
		E48A6A3C1EC9A09300F17FCC /* AORangeSlider.app */ = {isa = PBXFileReference; explicitFileType = wrapper.application; includeInIndex = 0; path = AORangeSlider.app; sourceTree = BUILT_PRODUCTS_DIR; };
		E4D658E51F00DA2800D80B39 /* AORangeSlider.swift */ = {isa = PBXFileReference; fileEncoding = 4; lastKnownFileType = sourcecode.swift; path = AORangeSlider.swift; sourceTree = "<group>"; };
		E4D658E61F00DA2800D80B39 /* AppDelegate.swift */ = {isa = PBXFileReference; fileEncoding = 4; lastKnownFileType = sourcecode.swift; path = AppDelegate.swift; sourceTree = "<group>"; };
		E4D658E71F00DA2800D80B39 /* Assets.xcassets */ = {isa = PBXFileReference; lastKnownFileType = folder.assetcatalog; path = Assets.xcassets; sourceTree = "<group>"; };
		E4D658E91F00DA2800D80B39 /* Base */ = {isa = PBXFileReference; lastKnownFileType = file.storyboard; name = Base; path = Base.lproj/LaunchScreen.storyboard; sourceTree = "<group>"; };
		E4D658EB1F00DA2800D80B39 /* Base */ = {isa = PBXFileReference; lastKnownFileType = file.storyboard; name = Base; path = Base.lproj/Main.storyboard; sourceTree = "<group>"; };
		E4D658EC1F00DA2800D80B39 /* Info.plist */ = {isa = PBXFileReference; fileEncoding = 4; lastKnownFileType = text.plist.xml; path = Info.plist; sourceTree = "<group>"; };
		E4D658ED1F00DA2800D80B39 /* ViewController.swift */ = {isa = PBXFileReference; fileEncoding = 4; lastKnownFileType = sourcecode.swift; path = ViewController.swift; sourceTree = "<group>"; };
/* End PBXFileReference section */

/* Begin PBXFrameworksBuildPhase section */
		E48A6A391EC9A09300F17FCC /* Frameworks */ = {
			isa = PBXFrameworksBuildPhase;
			buildActionMask = 2147483647;
			files = (
			);
			runOnlyForDeploymentPostprocessing = 0;
		};
/* End PBXFrameworksBuildPhase section */

/* Begin PBXGroup section */
		E48A6A331EC9A09300F17FCC = {
			isa = PBXGroup;
			children = (
				E4D658E41F00DA2800D80B39 /* AORangeSlider */,
				E48A6A3D1EC9A09300F17FCC /* Products */,
			);
			sourceTree = "<group>";
		};
		E48A6A3D1EC9A09300F17FCC /* Products */ = {
			isa = PBXGroup;
			children = (
				E48A6A3C1EC9A09300F17FCC /* AORangeSlider.app */,
			);
			name = Products;
			sourceTree = "<group>";
		};
		E4D658E41F00DA2800D80B39 /* AORangeSlider */ = {
			isa = PBXGroup;
			children = (
				E4D658E51F00DA2800D80B39 /* AORangeSlider.swift */,
				E4D658E61F00DA2800D80B39 /* AppDelegate.swift */,
				E4D658ED1F00DA2800D80B39 /* ViewController.swift */,
				E4D658E71F00DA2800D80B39 /* Assets.xcassets */,
				E4D658EA1F00DA2800D80B39 /* Main.storyboard */,
				E4D658E81F00DA2800D80B39 /* LaunchScreen.storyboard */,
				E4D658EC1F00DA2800D80B39 /* Info.plist */,
			);
			path = AORangeSlider;
			sourceTree = "<group>";
		};
/* End PBXGroup section */

/* Begin PBXNativeTarget section */
		E48A6A3B1EC9A09300F17FCC /* AORangeSlider */ = {
			isa = PBXNativeTarget;
			buildConfigurationList = E48A6A4E1EC9A09300F17FCC /* Build configuration list for PBXNativeTarget "AORangeSlider" */;
			buildPhases = (
				E48A6A381EC9A09300F17FCC /* Sources */,
				E48A6A391EC9A09300F17FCC /* Frameworks */,
				E48A6A3A1EC9A09300F17FCC /* Resources */,
			);
			buildRules = (
			);
			dependencies = (
			);
			name = AORangeSlider;
			productName = RangeSlider;
			productReference = E48A6A3C1EC9A09300F17FCC /* AORangeSlider.app */;
			productType = "com.apple.product-type.application";
		};
/* End PBXNativeTarget section */

/* Begin PBXProject section */
		E48A6A341EC9A09300F17FCC /* Project object */ = {
			isa = PBXProject;
			attributes = {
				LastSwiftUpdateCheck = 0830;
				LastUpgradeCheck = 0900;
				ORGANIZATIONNAME = YWC;
				TargetAttributes = {
					E48A6A3B1EC9A09300F17FCC = {
						CreatedOnToolsVersion = 8.3.2;
						DevelopmentTeam = 48ACASQH47;
						LastSwiftMigration = 0900;
						ProvisioningStyle = Automatic;
					};
				};
			};
			buildConfigurationList = E48A6A371EC9A09300F17FCC /* Build configuration list for PBXProject "AORangeSlider" */;
			compatibilityVersion = "Xcode 3.2";
			developmentRegion = English;
			hasScannedForEncodings = 0;
			knownRegions = (
				en,
				Base,
			);
			mainGroup = E48A6A331EC9A09300F17FCC;
			productRefGroup = E48A6A3D1EC9A09300F17FCC /* Products */;
			projectDirPath = "";
			projectRoot = "";
			targets = (
				E48A6A3B1EC9A09300F17FCC /* AORangeSlider */,
			);
		};
/* End PBXProject section */

/* Begin PBXResourcesBuildPhase section */
		E48A6A3A1EC9A09300F17FCC /* Resources */ = {
			isa = PBXResourcesBuildPhase;
			buildActionMask = 2147483647;
			files = (
				E4D658F21F00DA2800D80B39 /* Main.storyboard in Resources */,
				E4D658F01F00DA2800D80B39 /* Assets.xcassets in Resources */,
				E4D658F11F00DA2800D80B39 /* LaunchScreen.storyboard in Resources */,
			);
			runOnlyForDeploymentPostprocessing = 0;
		};
/* End PBXResourcesBuildPhase section */

/* Begin PBXSourcesBuildPhase section */
		E48A6A381EC9A09300F17FCC /* Sources */ = {
			isa = PBXSourcesBuildPhase;
			buildActionMask = 2147483647;
			files = (
				E4D658F41F00DA2800D80B39 /* ViewController.swift in Sources */,
				E4D658EF1F00DA2800D80B39 /* AppDelegate.swift in Sources */,
				E4D658EE1F00DA2800D80B39 /* AORangeSlider.swift in Sources */,
			);
			runOnlyForDeploymentPostprocessing = 0;
		};
/* End PBXSourcesBuildPhase section */

/* Begin PBXVariantGroup section */
		E4D658E81F00DA2800D80B39 /* LaunchScreen.storyboard */ = {
			isa = PBXVariantGroup;
			children = (
				E4D658E91F00DA2800D80B39 /* Base */,
			);
			name = LaunchScreen.storyboard;
			sourceTree = "<group>";
		};
		E4D658EA1F00DA2800D80B39 /* Main.storyboard */ = {
			isa = PBXVariantGroup;
			children = (
				E4D658EB1F00DA2800D80B39 /* Base */,
			);
			name = Main.storyboard;
			sourceTree = "<group>";
		};
/* End PBXVariantGroup section */

/* Begin XCBuildConfiguration section */
		E48A6A4C1EC9A09300F17FCC /* Debug */ = {
			isa = XCBuildConfiguration;
			buildSettings = {
				ALWAYS_SEARCH_USER_PATHS = NO;
				CLANG_ANALYZER_NONNULL = YES;
				CLANG_ANALYZER_NUMBER_OBJECT_CONVERSION = YES_AGGRESSIVE;
				CLANG_CXX_LANGUAGE_STANDARD = "gnu++0x";
				CLANG_CXX_LIBRARY = "libc++";
				CLANG_ENABLE_MODULES = YES;
				CLANG_ENABLE_OBJC_ARC = YES;
				CLANG_WARN_BLOCK_CAPTURE_AUTORELEASING = YES;
				CLANG_WARN_BOOL_CONVERSION = YES;
				CLANG_WARN_COMMA = YES;
				CLANG_WARN_CONSTANT_CONVERSION = YES;
				CLANG_WARN_DIRECT_OBJC_ISA_USAGE = YES_ERROR;
				CLANG_WARN_DOCUMENTATION_COMMENTS = YES;
				CLANG_WARN_EMPTY_BODY = YES;
				CLANG_WARN_ENUM_CONVERSION = YES;
				CLANG_WARN_INFINITE_RECURSION = YES;
				CLANG_WARN_INT_CONVERSION = YES;
				CLANG_WARN_NON_LITERAL_NULL_CONVERSION = YES;
				CLANG_WARN_OBJC_LITERAL_CONVERSION = YES;
				CLANG_WARN_OBJC_ROOT_CLASS = YES_ERROR;
				CLANG_WARN_RANGE_LOOP_ANALYSIS = YES;
				CLANG_WARN_STRICT_PROTOTYPES = YES;
				CLANG_WARN_SUSPICIOUS_MOVE = YES;
				CLANG_WARN_UNREACHABLE_CODE = YES;
				CLANG_WARN__DUPLICATE_METHOD_MATCH = YES;
				"CODE_SIGN_IDENTITY[sdk=iphoneos*]" = "iPhone Developer";
				COPY_PHASE_STRIP = NO;
				DEBUG_INFORMATION_FORMAT = dwarf;
				ENABLE_STRICT_OBJC_MSGSEND = YES;
				ENABLE_TESTABILITY = YES;
				GCC_C_LANGUAGE_STANDARD = gnu99;
				GCC_DYNAMIC_NO_PIC = NO;
				GCC_NO_COMMON_BLOCKS = YES;
				GCC_OPTIMIZATION_LEVEL = 0;
				GCC_PREPROCESSOR_DEFINITIONS = (
					"DEBUG=1",
					"$(inherited)",
				);
				GCC_WARN_64_TO_32_BIT_CONVERSION = YES;
				GCC_WARN_ABOUT_RETURN_TYPE = YES_ERROR;
				GCC_WARN_UNDECLARED_SELECTOR = YES;
				GCC_WARN_UNINITIALIZED_AUTOS = YES_AGGRESSIVE;
				GCC_WARN_UNUSED_FUNCTION = YES;
				GCC_WARN_UNUSED_VARIABLE = YES;
				IPHONEOS_DEPLOYMENT_TARGET = 10.3;
				MTL_ENABLE_DEBUG_INFO = YES;
				ONLY_ACTIVE_ARCH = YES;
				SDKROOT = iphoneos;
				SWIFT_ACTIVE_COMPILATION_CONDITIONS = DEBUG;
				SWIFT_OPTIMIZATION_LEVEL = "-Onone";
				SWIFT_VERSION = 4.0;
				TARGETED_DEVICE_FAMILY = "1,2";
			};
			name = Debug;
		};
		E48A6A4D1EC9A09300F17FCC /* Release */ = {
			isa = XCBuildConfiguration;
			buildSettings = {
				ALWAYS_SEARCH_USER_PATHS = NO;
				CLANG_ANALYZER_NONNULL = YES;
				CLANG_ANALYZER_NUMBER_OBJECT_CONVERSION = YES_AGGRESSIVE;
				CLANG_CXX_LANGUAGE_STANDARD = "gnu++0x";
				CLANG_CXX_LIBRARY = "libc++";
				CLANG_ENABLE_MODULES = YES;
				CLANG_ENABLE_OBJC_ARC = YES;
				CLANG_WARN_BLOCK_CAPTURE_AUTORELEASING = YES;
				CLANG_WARN_BOOL_CONVERSION = YES;
				CLANG_WARN_COMMA = YES;
				CLANG_WARN_CONSTANT_CONVERSION = YES;
				CLANG_WARN_DIRECT_OBJC_ISA_USAGE = YES_ERROR;
				CLANG_WARN_DOCUMENTATION_COMMENTS = YES;
				CLANG_WARN_EMPTY_BODY = YES;
				CLANG_WARN_ENUM_CONVERSION = YES;
				CLANG_WARN_INFINITE_RECURSION = YES;
				CLANG_WARN_INT_CONVERSION = YES;
				CLANG_WARN_NON_LITERAL_NULL_CONVERSION = YES;
				CLANG_WARN_OBJC_LITERAL_CONVERSION = YES;
				CLANG_WARN_OBJC_ROOT_CLASS = YES_ERROR;
				CLANG_WARN_RANGE_LOOP_ANALYSIS = YES;
				CLANG_WARN_STRICT_PROTOTYPES = YES;
				CLANG_WARN_SUSPICIOUS_MOVE = YES;
				CLANG_WARN_UNREACHABLE_CODE = YES;
				CLANG_WARN__DUPLICATE_METHOD_MATCH = YES;
				"CODE_SIGN_IDENTITY[sdk=iphoneos*]" = "iPhone Developer";
				COPY_PHASE_STRIP = NO;
				DEBUG_INFORMATION_FORMAT = "dwarf-with-dsym";
				ENABLE_NS_ASSERTIONS = NO;
				ENABLE_STRICT_OBJC_MSGSEND = YES;
				GCC_C_LANGUAGE_STANDARD = gnu99;
				GCC_NO_COMMON_BLOCKS = YES;
				GCC_WARN_64_TO_32_BIT_CONVERSION = YES;
				GCC_WARN_ABOUT_RETURN_TYPE = YES_ERROR;
				GCC_WARN_UNDECLARED_SELECTOR = YES;
				GCC_WARN_UNINITIALIZED_AUTOS = YES_AGGRESSIVE;
				GCC_WARN_UNUSED_FUNCTION = YES;
				GCC_WARN_UNUSED_VARIABLE = YES;
				IPHONEOS_DEPLOYMENT_TARGET = 10.3;
				MTL_ENABLE_DEBUG_INFO = NO;
				SDKROOT = iphoneos;
				SWIFT_OPTIMIZATION_LEVEL = "-Owholemodule";
				SWIFT_VERSION = 4.0;
				TARGETED_DEVICE_FAMILY = "1,2";
				VALIDATE_PRODUCT = YES;
			};
			name = Release;
		};
		E48A6A4F1EC9A09300F17FCC /* Debug */ = {
			isa = XCBuildConfiguration;
			buildSettings = {
				ASSETCATALOG_COMPILER_APPICON_NAME = AppIcon;
				DEVELOPMENT_TEAM = 48ACASQH47;
				INFOPLIST_FILE = AORangeSlider/Info.plist;
				IPHONEOS_DEPLOYMENT_TARGET = 8.0;
				LD_RUNPATH_SEARCH_PATHS = "$(inherited) @executable_path/Frameworks";
				PRODUCT_BUNDLE_IDENTIFIER = AO.AORangeSlider;
				PRODUCT_NAME = "$(TARGET_NAME)";
				SWIFT_SWIFT3_OBJC_INFERENCE = Off;
				SWIFT_VERSION = 3.0;
			};
			name = Debug;
		};
		E48A6A501EC9A09300F17FCC /* Release */ = {
			isa = XCBuildConfiguration;
			buildSettings = {
				ASSETCATALOG_COMPILER_APPICON_NAME = AppIcon;
				DEVELOPMENT_TEAM = 48ACASQH47;
				INFOPLIST_FILE = AORangeSlider/Info.plist;
				IPHONEOS_DEPLOYMENT_TARGET = 8.0;
				LD_RUNPATH_SEARCH_PATHS = "$(inherited) @executable_path/Frameworks";
				PRODUCT_BUNDLE_IDENTIFIER = AO.AORangeSlider;
				PRODUCT_NAME = "$(TARGET_NAME)";
				SWIFT_SWIFT3_OBJC_INFERENCE = Off;
				SWIFT_VERSION = 3.0;
			};
			name = Release;
		};
/* End XCBuildConfiguration section */

/* Begin XCConfigurationList section */
		E48A6A371EC9A09300F17FCC /* Build configuration list for PBXProject "AORangeSlider" */ = {
			isa = XCConfigurationList;
			buildConfigurations = (
				E48A6A4C1EC9A09300F17FCC /* Debug */,
				E48A6A4D1EC9A09300F17FCC /* Release */,
			);
			defaultConfigurationIsVisible = 0;
			defaultConfigurationName = Release;
		};
		E48A6A4E1EC9A09300F17FCC /* Build configuration list for PBXNativeTarget "AORangeSlider" */ = {
			isa = XCConfigurationList;
			buildConfigurations = (
				E48A6A4F1EC9A09300F17FCC /* Debug */,
				E48A6A501EC9A09300F17FCC /* Release */,
			);
			defaultConfigurationIsVisible = 0;
			defaultConfigurationName = Release;
		};
/* End XCConfigurationList section */
	};
	rootObject = E48A6A341EC9A09300F17FCC /* Project object */;
}
